{
  "version": 4,
  "terraform_version": "1.5.7",
  "serial": 1,
  "lineage": "90f5f242-c11e-1169-fc4f-8dd10932ef37",
  "outputs": {},
  "resources": [
    {
      "mode": "managed",
      "type": "local_file",
      "name": "hello_file",
      "provider": "provider[\"registry.terraform.io/hashicorp/local\"]",
      "instances": [
        {
          "schema_version": 0,
          "attributes": {
            "content": "Hello there, this file created by terraform",
            "content_base64": null,
            "content_base64sha256": "hE0J/i/rC3cZasbaZRaDTwlyiEniR6QkKGkbwLchZLI=",
            "content_base64sha512": "7kB6ImUiA7zRtnEZepdudJ5UCWjKZjDp4Q+DFOQVQA0I+25gO4MFCHP36dANSgDbHnthrIS8K7P8hooiXlGi5w==",
            "content_md5": "ac489cd86f2287ea4fbbf5c2ead41ef5",
            "content_sha1": "8703cf757f412910cca3f7f44d44f868c67d58ce",
            "content_sha256": "844d09fe2feb0b77196ac6da6516834f09728849e247a42428691bc0b72164b2",
            "content_sha512": "ee407a22652203bcd1b671197a976e749e540968ca6630e9e10f8314e415400d08fb6e603b83050873f7e9d00d4a00db1e7b61ac84bc2bb3fc868a225e51a2e7",
            "directory_permission": "0777",
            "file_permission": "0777",
            "filename": "./hello.txt",
            "id": "8703cf757f412910cca3f7f44d44f868c67d58ce",
            "sensitive_content": null,
            "source": null
          },
          "sensitive_attributes": []
        }
      ]
    }
  ],
  "check_results": null
}
